// !$*UTF8*$!
{
	archiveVersion = 1;
	classes = {
	};
	objectVersion = 56;
	objects = {

/* Begin PBXBuildFile section */
		045C43102A70445000CD2B1C /* AppDelegate.swift in Sources */ = {isa = PBXBuildFile; fileRef = 045C430F2A70445000CD2B1C /* AppDelegate.swift */; };
		045C43122A70445000CD2B1C /* SceneDelegate.swift in Sources */ = {isa = PBXBuildFile; fileRef = 045C43112A70445000CD2B1C /* SceneDelegate.swift */; };
		045C43142A70445000CD2B1C /* HomeViewController.swift in Sources */ = {isa = PBXBuildFile; fileRef = 045C43132A70445000CD2B1C /* HomeViewController.swift */; };
		045C43192A70445700CD2B1C /* Assets.xcassets in Resources */ = {isa = PBXBuildFile; fileRef = 045C43182A70445700CD2B1C /* Assets.xcassets */; };
		045C431C2A70445700CD2B1C /* LaunchScreen.storyboard in Resources */ = {isa = PBXBuildFile; fileRef = 045C431A2A70445700CD2B1C /* LaunchScreen.storyboard */; };
		045C43292A70487C00CD2B1C /* CoordinatorApp.swift in Sources */ = {isa = PBXBuildFile; fileRef = 045C43282A70487C00CD2B1C /* CoordinatorApp.swift */; };
		045C432B2A704BA500CD2B1C /* HomeViewModel.swift in Sources */ = {isa = PBXBuildFile; fileRef = 045C432A2A704BA500CD2B1C /* HomeViewModel.swift */; };
		045C432E2A704DA400CD2B1C /* NewsCell.swift in Sources */ = {isa = PBXBuildFile; fileRef = 045C432D2A704DA400CD2B1C /* NewsCell.swift */; };
		045C43312A70504000CD2B1C /* SnapKit in Frameworks */ = {isa = PBXBuildFile; productRef = 045C43302A70504000CD2B1C /* SnapKit */; };
		045C43332A70692800CD2B1C /* NewsRequestServices.swift in Sources */ = {isa = PBXBuildFile; fileRef = 045C43322A70692800CD2B1C /* NewsRequestServices.swift */; };
		045C43352A70696C00CD2B1C /* NewsModel.swift in Sources */ = {isa = PBXBuildFile; fileRef = 045C43342A70696C00CD2B1C /* NewsModel.swift */; };
		045C43372A71975600CD2B1C /* CarouselView.swift in Sources */ = {isa = PBXBuildFile; fileRef = 045C43362A71975600CD2B1C /* CarouselView.swift */; };
		045C433A2A74444500CD2B1C /* RadioButton.swift in Sources */ = {isa = PBXBuildFile; fileRef = 045C43392A74444500CD2B1C /* RadioButton.swift */; };
		045C433C2A744E6E00CD2B1C /* AppInfoModel.swift in Sources */ = {isa = PBXBuildFile; fileRef = 045C433B2A744E6E00CD2B1C /* AppInfoModel.swift */; };
/* End PBXBuildFile section */

/* Begin PBXFileReference section */
		045C430C2A70445000CD2B1C /* NewsApp.app */ = {isa = PBXFileReference; explicitFileType = wrapper.application; includeInIndex = 0; path = NewsApp.app; sourceTree = BUILT_PRODUCTS_DIR; };
		045C430F2A70445000CD2B1C /* AppDelegate.swift */ = {isa = PBXFileReference; lastKnownFileType = sourcecode.swift; path = AppDelegate.swift; sourceTree = "<group>"; };
		045C43112A70445000CD2B1C /* SceneDelegate.swift */ = {isa = PBXFileReference; lastKnownFileType = sourcecode.swift; path = SceneDelegate.swift; sourceTree = "<group>"; };
		045C43132A70445000CD2B1C /* HomeViewController.swift */ = {isa = PBXFileReference; lastKnownFileType = sourcecode.swift; path = HomeViewController.swift; sourceTree = "<group>"; };
		045C43182A70445700CD2B1C /* Assets.xcassets */ = {isa = PBXFileReference; lastKnownFileType = folder.assetcatalog; path = Assets.xcassets; sourceTree = "<group>"; };
		045C431B2A70445700CD2B1C /* Base */ = {isa = PBXFileReference; lastKnownFileType = file.storyboard; name = Base; path = Base.lproj/LaunchScreen.storyboard; sourceTree = "<group>"; };
		045C431D2A70445700CD2B1C /* Info.plist */ = {isa = PBXFileReference; lastKnownFileType = text.plist.xml; path = Info.plist; sourceTree = "<group>"; };
		045C43282A70487C00CD2B1C /* CoordinatorApp.swift */ = {isa = PBXFileReference; lastKnownFileType = sourcecode.swift; path = CoordinatorApp.swift; sourceTree = "<group>"; };
		045C432A2A704BA500CD2B1C /* HomeViewModel.swift */ = {isa = PBXFileReference; lastKnownFileType = sourcecode.swift; path = HomeViewModel.swift; sourceTree = "<group>"; };
		045C432D2A704DA400CD2B1C /* NewsCell.swift */ = {isa = PBXFileReference; lastKnownFileType = sourcecode.swift; path = NewsCell.swift; sourceTree = "<group>"; };
		045C43322A70692800CD2B1C /* NewsRequestServices.swift */ = {isa = PBXFileReference; lastKnownFileType = sourcecode.swift; path = NewsRequestServices.swift; sourceTree = "<group>"; };
		045C43342A70696C00CD2B1C /* NewsModel.swift */ = {isa = PBXFileReference; lastKnownFileType = sourcecode.swift; path = NewsModel.swift; sourceTree = "<group>"; };
		045C43362A71975600CD2B1C /* CarouselView.swift */ = {isa = PBXFileReference; lastKnownFileType = sourcecode.swift; path = CarouselView.swift; sourceTree = "<group>"; };
		045C43392A74444500CD2B1C /* RadioButton.swift */ = {isa = PBXFileReference; lastKnownFileType = sourcecode.swift; path = RadioButton.swift; sourceTree = "<group>"; };
		045C433B2A744E6E00CD2B1C /* AppInfoModel.swift */ = {isa = PBXFileReference; lastKnownFileType = sourcecode.swift; path = AppInfoModel.swift; sourceTree = "<group>"; };
/* End PBXFileReference section */

/* Begin PBXFrameworksBuildPhase section */
		045C43092A70445000CD2B1C /* Frameworks */ = {
			isa = PBXFrameworksBuildPhase;
			buildActionMask = 2147483647;
			files = (
				045C43312A70504000CD2B1C /* SnapKit in Frameworks */,
			);
			runOnlyForDeploymentPostprocessing = 0;
		};
/* End PBXFrameworksBuildPhase section */

/* Begin PBXGroup section */
		045C43032A70445000CD2B1C = {
			isa = PBXGroup;
			children = (
				045C430E2A70445000CD2B1C /* NewsApp */,
				045C430D2A70445000CD2B1C /* Products */,
			);
			sourceTree = "<group>";
		};
		045C430D2A70445000CD2B1C /* Products */ = {
			isa = PBXGroup;
			children = (
				045C430C2A70445000CD2B1C /* NewsApp.app */,
			);
			name = Products;
			sourceTree = "<group>";
		};
		045C430E2A70445000CD2B1C /* NewsApp */ = {
			isa = PBXGroup;
			children = (
				045C43272A70486500CD2B1C /* Coordinator */,
				045C432C2A704BCD00CD2B1C /* Services */,
				045C43232A70446A00CD2B1C /* Model */,
				045C43382A74442300CD2B1C /* Widgets */,
				045C43252A70449000CD2B1C /* View */,
				045C43242A70447600CD2B1C /* ViewModel */,
				045C43262A7045F300CD2B1C /* Resources */,
				045C430F2A70445000CD2B1C /* AppDelegate.swift */,
				045C43112A70445000CD2B1C /* SceneDelegate.swift */,
			);
			path = NewsApp;
			sourceTree = "<group>";
		};
		045C43232A70446A00CD2B1C /* Model */ = {
			isa = PBXGroup;
			children = (
				045C43342A70696C00CD2B1C /* NewsModel.swift */,
				045C433B2A744E6E00CD2B1C /* AppInfoModel.swift */,
			);
			path = Model;
			sourceTree = "<group>";
		};
		045C43242A70447600CD2B1C /* ViewModel */ = {
			isa = PBXGroup;
			children = (
				045C432A2A704BA500CD2B1C /* HomeViewModel.swift */,
			);
			path = ViewModel;
			sourceTree = "<group>";
		};
		045C43252A70449000CD2B1C /* View */ = {
			isa = PBXGroup;
			children = (
				045C43132A70445000CD2B1C /* HomeViewController.swift */,
				045C432D2A704DA400CD2B1C /* NewsCell.swift */,
			);
			path = View;
			sourceTree = "<group>";
		};
		045C43262A7045F300CD2B1C /* Resources */ = {
			isa = PBXGroup;
			children = (
				045C431A2A70445700CD2B1C /* LaunchScreen.storyboard */,
				045C43182A70445700CD2B1C /* Assets.xcassets */,
				045C431D2A70445700CD2B1C /* Info.plist */,
			);
			path = Resources;
			sourceTree = "<group>";
		};
		045C43272A70486500CD2B1C /* Coordinator */ = {
			isa = PBXGroup;
			children = (
				045C43282A70487C00CD2B1C /* CoordinatorApp.swift */,
			);
			path = Coordinator;
			sourceTree = "<group>";
		};
		045C432C2A704BCD00CD2B1C /* Services */ = {
			isa = PBXGroup;
			children = (
				045C43322A70692800CD2B1C /* NewsRequestServices.swift */,
			);
			path = Services;
			sourceTree = "<group>";
		};
		045C43382A74442300CD2B1C /* Widgets */ = {
			isa = PBXGroup;
			children = (
				045C43362A71975600CD2B1C /* CarouselView.swift */,
				045C43392A74444500CD2B1C /* RadioButton.swift */,
			);
			path = Widgets;
			sourceTree = "<group>";
		};
/* End PBXGroup section */

/* Begin PBXNativeTarget section */
		045C430B2A70445000CD2B1C /* NewsApp */ = {
			isa = PBXNativeTarget;
			buildConfigurationList = 045C43202A70445700CD2B1C /* Build configuration list for PBXNativeTarget "NewsApp" */;
			buildPhases = (
				045C43082A70445000CD2B1C /* Sources */,
				045C43092A70445000CD2B1C /* Frameworks */,
				045C430A2A70445000CD2B1C /* Resources */,
			);
			buildRules = (
			);
			dependencies = (
			);
			name = NewsApp;
			packageProductDependencies = (
				045C43302A70504000CD2B1C /* SnapKit */,
			);
			productName = NewsApp;
			productReference = 045C430C2A70445000CD2B1C /* NewsApp.app */;
			productType = "com.apple.product-type.application";
		};
/* End PBXNativeTarget section */

/* Begin PBXProject section */
		045C43042A70445000CD2B1C /* Project object */ = {
			isa = PBXProject;
			attributes = {
				BuildIndependentTargetsInParallel = 1;
				LastSwiftUpdateCheck = 1430;
				LastUpgradeCheck = 1430;
				TargetAttributes = {
					045C430B2A70445000CD2B1C = {
						CreatedOnToolsVersion = 14.3.1;
					};
				};
			};
			buildConfigurationList = 045C43072A70445000CD2B1C /* Build configuration list for PBXProject "NewsApp" */;
			compatibilityVersion = "Xcode 14.0";
			developmentRegion = en;
			hasScannedForEncodings = 0;
			knownRegions = (
				en,
				Base,
			);
			mainGroup = 045C43032A70445000CD2B1C;
			packageReferences = (
				045C432F2A70504000CD2B1C /* XCRemoteSwiftPackageReference "SnapKit" */,
			);
			productRefGroup = 045C430D2A70445000CD2B1C /* Products */;
			projectDirPath = "";
			projectRoot = "";
			targets = (
				045C430B2A70445000CD2B1C /* NewsApp */,
			);
		};
/* End PBXProject section */

/* Begin PBXResourcesBuildPhase section */
		045C430A2A70445000CD2B1C /* Resources */ = {
			isa = PBXResourcesBuildPhase;
			buildActionMask = 2147483647;
			files = (
				045C431C2A70445700CD2B1C /* LaunchScreen.storyboard in Resources */,
				045C43192A70445700CD2B1C /* Assets.xcassets in Resources */,
			);
			runOnlyForDeploymentPostprocessing = 0;
		};
/* End PBXResourcesBuildPhase section */

/* Begin PBXSourcesBuildPhase section */
		045C43082A70445000CD2B1C /* Sources */ = {
			isa = PBXSourcesBuildPhase;
			buildActionMask = 2147483647;
			files = (
				045C43352A70696C00CD2B1C /* NewsModel.swift in Sources */,
				045C43292A70487C00CD2B1C /* CoordinatorApp.swift in Sources */,
				045C43142A70445000CD2B1C /* HomeViewController.swift in Sources */,
				045C43102A70445000CD2B1C /* AppDelegate.swift in Sources */,
				045C43372A71975600CD2B1C /* CarouselView.swift in Sources */,
				045C432B2A704BA500CD2B1C /* HomeViewModel.swift in Sources */,
				045C432E2A704DA400CD2B1C /* NewsCell.swift in Sources */,
				045C433A2A74444500CD2B1C /* RadioButton.swift in Sources */,
				045C43332A70692800CD2B1C /* NewsRequestServices.swift in Sources */,
				045C433C2A744E6E00CD2B1C /* AppInfoModel.swift in Sources */,
				045C43122A70445000CD2B1C /* SceneDelegate.swift in Sources */,
			);
			runOnlyForDeploymentPostprocessing = 0;
		};
/* End PBXSourcesBuildPhase section */

/* Begin PBXVariantGroup section */
		045C431A2A70445700CD2B1C /* LaunchScreen.storyboard */ = {
			isa = PBXVariantGroup;
			children = (
				045C431B2A70445700CD2B1C /* Base */,
			);
			name = LaunchScreen.storyboard;
			sourceTree = "<group>";
		};
/* End PBXVariantGroup section */

/* Begin XCBuildConfiguration section */
		045C431E2A70445700CD2B1C /* Debug */ = {
			isa = XCBuildConfiguration;
			buildSettings = {
				ALWAYS_SEARCH_USER_PATHS = NO;
				CLANG_ANALYZER_NONNULL = YES;
				CLANG_ANALYZER_NUMBER_OBJECT_CONVERSION = YES_AGGRESSIVE;
				CLANG_CXX_LANGUAGE_STANDARD = "gnu++20";
				CLANG_ENABLE_MODULES = YES;
				CLANG_ENABLE_OBJC_ARC = YES;
				CLANG_ENABLE_OBJC_WEAK = YES;
				CLANG_WARN_BLOCK_CAPTURE_AUTORELEASING = YES;
				CLANG_WARN_BOOL_CONVERSION = YES;
				CLANG_WARN_COMMA = YES;
				CLANG_WARN_CONSTANT_CONVERSION = YES;
				CLANG_WARN_DEPRECATED_OBJC_IMPLEMENTATIONS = YES;
				CLANG_WARN_DIRECT_OBJC_ISA_USAGE = YES_ERROR;
				CLANG_WARN_DOCUMENTATION_COMMENTS = YES;
				CLANG_WARN_EMPTY_BODY = YES;
				CLANG_WARN_ENUM_CONVERSION = YES;
				CLANG_WARN_INFINITE_RECURSION = YES;
				CLANG_WARN_INT_CONVERSION = YES;
				CLANG_WARN_NON_LITERAL_NULL_CONVERSION = YES;
				CLANG_WARN_OBJC_IMPLICIT_RETAIN_SELF = YES;
				CLANG_WARN_OBJC_LITERAL_CONVERSION = YES;
				CLANG_WARN_OBJC_ROOT_CLASS = YES_ERROR;
				CLANG_WARN_QUOTED_INCLUDE_IN_FRAMEWORK_HEADER = YES;
				CLANG_WARN_RANGE_LOOP_ANALYSIS = YES;
				CLANG_WARN_STRICT_PROTOTYPES = YES;
				CLANG_WARN_SUSPICIOUS_MOVE = YES;
				CLANG_WARN_UNGUARDED_AVAILABILITY = YES_AGGRESSIVE;
				CLANG_WARN_UNREACHABLE_CODE = YES;
				CLANG_WARN__DUPLICATE_METHOD_MATCH = YES;
				COPY_PHASE_STRIP = NO;
				DEBUG_INFORMATION_FORMAT = dwarf;
				ENABLE_STRICT_OBJC_MSGSEND = YES;
				ENABLE_TESTABILITY = YES;
				GCC_C_LANGUAGE_STANDARD = gnu11;
				GCC_DYNAMIC_NO_PIC = NO;
				GCC_NO_COMMON_BLOCKS = YES;
				GCC_OPTIMIZATION_LEVEL = 0;
				GCC_PREPROCESSOR_DEFINITIONS = (
					"DEBUG=1",
					"$(inherited)",
				);
				GCC_WARN_64_TO_32_BIT_CONVERSION = YES;
				GCC_WARN_ABOUT_RETURN_TYPE = YES_ERROR;
				GCC_WARN_UNDECLARED_SELECTOR = YES;
				GCC_WARN_UNINITIALIZED_AUTOS = YES_AGGRESSIVE;
				GCC_WARN_UNUSED_FUNCTION = YES;
				GCC_WARN_UNUSED_VARIABLE = YES;
				IPHONEOS_DEPLOYMENT_TARGET = 16.4;
				MTL_ENABLE_DEBUG_INFO = INCLUDE_SOURCE;
				MTL_FAST_MATH = YES;
				ONLY_ACTIVE_ARCH = YES;
				SDKROOT = iphoneos;
				SWIFT_ACTIVE_COMPILATION_CONDITIONS = DEBUG;
				SWIFT_OPTIMIZATION_LEVEL = "-Onone";
			};
			name = Debug;
		};
		045C431F2A70445700CD2B1C /* Release */ = {
			isa = XCBuildConfiguration;
			buildSettings = {
				ALWAYS_SEARCH_USER_PATHS = NO;
				CLANG_ANALYZER_NONNULL = YES;
				CLANG_ANALYZER_NUMBER_OBJECT_CONVERSION = YES_AGGRESSIVE;
				CLANG_CXX_LANGUAGE_STANDARD = "gnu++20";
				CLANG_ENABLE_MODULES = YES;
				CLANG_ENABLE_OBJC_ARC = YES;
				CLANG_ENABLE_OBJC_WEAK = YES;
				CLANG_WARN_BLOCK_CAPTURE_AUTORELEASING = YES;
				CLANG_WARN_BOOL_CONVERSION = YES;
				CLANG_WARN_COMMA = YES;
				CLANG_WARN_CONSTANT_CONVERSION = YES;
				CLANG_WARN_DEPRECATED_OBJC_IMPLEMENTATIONS = YES;
				CLANG_WARN_DIRECT_OBJC_ISA_USAGE = YES_ERROR;
				CLANG_WARN_DOCUMENTATION_COMMENTS = YES;
				CLANG_WARN_EMPTY_BODY = YES;
				CLANG_WARN_ENUM_CONVERSION = YES;
				CLANG_WARN_INFINITE_RECURSION = YES;
				CLANG_WARN_INT_CONVERSION = YES;
				CLANG_WARN_NON_LITERAL_NULL_CONVERSION = YES;
				CLANG_WARN_OBJC_IMPLICIT_RETAIN_SELF = YES;
				CLANG_WARN_OBJC_LITERAL_CONVERSION = YES;
				CLANG_WARN_OBJC_ROOT_CLASS = YES_ERROR;
				CLANG_WARN_QUOTED_INCLUDE_IN_FRAMEWORK_HEADER = YES;
				CLANG_WARN_RANGE_LOOP_ANALYSIS = YES;
				CLANG_WARN_STRICT_PROTOTYPES = YES;
				CLANG_WARN_SUSPICIOUS_MOVE = YES;
				CLANG_WARN_UNGUARDED_AVAILABILITY = YES_AGGRESSIVE;
				CLANG_WARN_UNREACHABLE_CODE = YES;
				CLANG_WARN__DUPLICATE_METHOD_MATCH = YES;
				COPY_PHASE_STRIP = NO;
				DEBUG_INFORMATION_FORMAT = "dwarf-with-dsym";
				ENABLE_NS_ASSERTIONS = NO;
				ENABLE_STRICT_OBJC_MSGSEND = YES;
				GCC_C_LANGUAGE_STANDARD = gnu11;
				GCC_NO_COMMON_BLOCKS = YES;
				GCC_WARN_64_TO_32_BIT_CONVERSION = YES;
				GCC_WARN_ABOUT_RETURN_TYPE = YES_ERROR;
				GCC_WARN_UNDECLARED_SELECTOR = YES;
				GCC_WARN_UNINITIALIZED_AUTOS = YES_AGGRESSIVE;
				GCC_WARN_UNUSED_FUNCTION = YES;
				GCC_WARN_UNUSED_VARIABLE = YES;
				IPHONEOS_DEPLOYMENT_TARGET = 16.4;
				MTL_ENABLE_DEBUG_INFO = NO;
				MTL_FAST_MATH = YES;
				SDKROOT = iphoneos;
				SWIFT_COMPILATION_MODE = wholemodule;
				SWIFT_OPTIMIZATION_LEVEL = "-O";
				VALIDATE_PRODUCT = YES;
			};
			name = Release;
		};
		045C43212A70445700CD2B1C /* Debug */ = {
			isa = XCBuildConfiguration;
			buildSettings = {
				ASSETCATALOG_COMPILER_APPICON_NAME = AppIcon;
				ASSETCATALOG_COMPILER_GLOBAL_ACCENT_COLOR_NAME = AccentColor;
				CODE_SIGN_STYLE = Automatic;
				CURRENT_PROJECT_VERSION = 1;
				DEVELOPMENT_TEAM = K9FJ86U94M;
				GENERATE_INFOPLIST_FILE = YES;
				INFOPLIST_FILE = NewsApp/Resources/Info.plist;
				INFOPLIST_KEY_UIApplicationSupportsIndirectInputEvents = YES;
				INFOPLIST_KEY_UILaunchStoryboardName = LaunchScreen;
				INFOPLIST_KEY_UIMainStoryboardFile = Main;
				INFOPLIST_KEY_UISupportedInterfaceOrientations = UIInterfaceOrientationPortrait;
				INFOPLIST_KEY_UISupportedInterfaceOrientations_iPad = "UIInterfaceOrientationPortrait UIInterfaceOrientationPortraitUpsideDown";
				IPHONEOS_DEPLOYMENT_TARGET = 15.0;
				LD_RUNPATH_SEARCH_PATHS = (
					"$(inherited)",
					"@executable_path/Frameworks",
				);
				MARKETING_VERSION = 1.0;
				PRODUCT_BUNDLE_IDENTIFIER = com.im.NewsApp;
				PRODUCT_NAME = "$(TARGET_NAME)";
				SWIFT_EMIT_LOC_STRINGS = YES;
				SWIFT_VERSION = 5.0;
				TARGETED_DEVICE_FAMILY = "1,2";
			};
			name = Debug;
		};
		045C43222A70445700CD2B1C /* Release */ = {
			isa = XCBuildConfiguration;
			buildSettings = {
				ASSETCATALOG_COMPILER_APPICON_NAME = AppIcon;
				ASSETCATALOG_COMPILER_GLOBAL_ACCENT_COLOR_NAME = AccentColor;
				CODE_SIGN_STYLE = Automatic;
				CURRENT_PROJECT_VERSION = 1;
				DEVELOPMENT_TEAM = K9FJ86U94M;
				GENERATE_INFOPLIST_FILE = YES;
				INFOPLIST_FILE = NewsApp/Resources/Info.plist;
				INFOPLIST_KEY_UIApplicationSupportsIndirectInputEvents = YES;
				INFOPLIST_KEY_UILaunchStoryboardName = LaunchScreen;
				INFOPLIST_KEY_UIMainStoryboardFile = Main;
				INFOPLIST_KEY_UISupportedInterfaceOrientations = UIInterfaceOrientationPortrait;
				INFOPLIST_KEY_UISupportedInterfaceOrientations_iPad = "UIInterfaceOrientationPortrait UIInterfaceOrientationPortraitUpsideDown";
				IPHONEOS_DEPLOYMENT_TARGET = 15.0;
				LD_RUNPATH_SEARCH_PATHS = (
					"$(inherited)",
					"@executable_path/Frameworks",
				);
				MARKETING_VERSION = 1.0;
				PRODUCT_BUNDLE_IDENTIFIER = com.im.NewsApp;
				PRODUCT_NAME = "$(TARGET_NAME)";
				SWIFT_EMIT_LOC_STRINGS = YES;
				SWIFT_VERSION = 5.0;
				TARGETED_DEVICE_FAMILY = "1,2";
			};
			name = Release;
		};
/* End XCBuildConfiguration section */

/* Begin XCConfigurationList section */
		045C43072A70445000CD2B1C /* Build configuration list for PBXProject "NewsApp" */ = {
			isa = XCConfigurationList;
			buildConfigurations = (
				045C431E2A70445700CD2B1C /* Debug */,
				045C431F2A70445700CD2B1C /* Release */,
			);
			defaultConfigurationIsVisible = 0;
			defaultConfigurationName = Release;
		};
		045C43202A70445700CD2B1C /* Build configuration list for PBXNativeTarget "NewsApp" */ = {
			isa = XCConfigurationList;
			buildConfigurations = (
				045C43212A70445700CD2B1C /* Debug */,
				045C43222A70445700CD2B1C /* Release */,
			);
			defaultConfigurationIsVisible = 0;
			defaultConfigurationName = Release;
		};
/* End XCConfigurationList section */

/* Begin XCRemoteSwiftPackageReference section */
		045C432F2A70504000CD2B1C /* XCRemoteSwiftPackageReference "SnapKit" */ = {
			isa = XCRemoteSwiftPackageReference;
			repositoryURL = "https://github.com/SnapKit/SnapKit";
			requirement = {
				kind = upToNextMajorVersion;
				minimumVersion = 5.0.0;
			};
		};
/* End XCRemoteSwiftPackageReference section */

/* Begin XCSwiftPackageProductDependency section */
		045C43302A70504000CD2B1C /* SnapKit */ = {
			isa = XCSwiftPackageProductDependency;
			package = 045C432F2A70504000CD2B1C /* XCRemoteSwiftPackageReference "SnapKit" */;
			productName = SnapKit;
		};
/* End XCSwiftPackageProductDependency section */
	};
	rootObject = 045C43042A70445000CD2B1C /* Project object */;
}
